
Microsoft Visual Studio Solution File, Format Version 11.00
# Visual Studio 2010
Project("{8BC9CEB8-8B4A-11D0-8D11-00A0C91BC942}") = "Core", "Server\Core\Core.vcxproj", "{15600D1F-C1E8-447E-BAD5-A1066AABFD7F}"
EndProject
Global
	GlobalSection(SolutionConfigurationPlatforms) = preSolution
		Debug|Win32 = Debug|Win32
		Release|Win32 = Release|Win32
	EndGlobalSection
	GlobalSection(ProjectConfigurationPlatforms) = postSolution
		{15600D1F-C1E8-447E-BAD5-A1066AABFD7F}.Debug|Win32.ActiveCfg = Debug|Win32
		{15600D1F-C1E8-447E-BAD5-A1066AABFD7F}.Debug|Win32.Build.0 = Debug|Win32
		{15600D1F-C1E8-447E-BAD5-A1066AABFD7F}.Release|Win32.ActiveCfg = Release|Win32
		{15600D1F-C1E8-447E-BAD5-A1066AABFD7F}.Release|Win32.Build.0 = Release|Win32
	EndGlobalSection
	GlobalSection(SolutionProperties) = preSolution
		HideSolutionNode = FALSE
	EndGlobalSection
EndGlobal
